// !$*UTF8*$!
{
	archiveVersion = 1;
	classes = {
	};
	objectVersion = 48;
	objects = {

/* Begin PBXBuildFile section */
		9FAA33E82080DD7C005FBA96 /* AppDelegate.swift in Sources */ = {isa = PBXBuildFile; fileRef = 9FAA33E72080DD7C005FBA96 /* AppDelegate.swift */; };
		9FAA33EA2080DD7C005FBA96 /* ViewController.swift in Sources */ = {isa = PBXBuildFile; fileRef = 9FAA33E92080DD7C005FBA96 /* ViewController.swift */; };
		9FAA33ED2080DD7C005FBA96 /* Main.storyboard in Resources */ = {isa = PBXBuildFile; fileRef = 9FAA33EB2080DD7C005FBA96 /* Main.storyboard */; };
		9FAA33EF2080DD7C005FBA96 /* Assets.xcassets in Resources */ = {isa = PBXBuildFile; fileRef = 9FAA33EE2080DD7C005FBA96 /* Assets.xcassets */; };
		9FAA33F22080DD7C005FBA96 /* LaunchScreen.storyboard in Resources */ = {isa = PBXBuildFile; fileRef = 9FAA33F02080DD7C005FBA96 /* LaunchScreen.storyboard */; };
		AF4E617B6C5FB9E02716E942 /* Pods_TestApplication.framework in Frameworks */ = {isa = PBXBuildFile; fileRef = EEC262E68CB2079115C5544B /* Pods_TestApplication.framework */; };
/* End PBXBuildFile section */

/* Begin PBXFileReference section */
		9E5B7271891D49A3CC04B2C7 /* Pods-TestApplication.release.xcconfig */ = {isa = PBXFileReference; includeInIndex = 1; lastKnownFileType = text.xcconfig; name = "Pods-TestApplication.release.xcconfig"; path = "Pods/Target Support Files/Pods-TestApplication/Pods-TestApplication.release.xcconfig"; sourceTree = "<group>"; };
		9FAA33E42080DD7C005FBA96 /* TestApplication.app */ = {isa = PBXFileReference; explicitFileType = wrapper.application; includeInIndex = 0; path = TestApplication.app; sourceTree = BUILT_PRODUCTS_DIR; };
		9FAA33E72080DD7C005FBA96 /* AppDelegate.swift */ = {isa = PBXFileReference; lastKnownFileType = sourcecode.swift; path = AppDelegate.swift; sourceTree = "<group>"; };
		9FAA33E92080DD7C005FBA96 /* ViewController.swift */ = {isa = PBXFileReference; lastKnownFileType = sourcecode.swift; path = ViewController.swift; sourceTree = "<group>"; };
		9FAA33EC2080DD7C005FBA96 /* Base */ = {isa = PBXFileReference; lastKnownFileType = file.storyboard; name = Base; path = Base.lproj/Main.storyboard; sourceTree = "<group>"; };
		9FAA33EE2080DD7C005FBA96 /* Assets.xcassets */ = {isa = PBXFileReference; lastKnownFileType = folder.assetcatalog; path = Assets.xcassets; sourceTree = "<group>"; };
		9FAA33F12080DD7C005FBA96 /* Base */ = {isa = PBXFileReference; lastKnownFileType = file.storyboard; name = Base; path = Base.lproj/LaunchScreen.storyboard; sourceTree = "<group>"; };
		9FAA33F32080DD7C005FBA96 /* Info.plist */ = {isa = PBXFileReference; lastKnownFileType = text.plist.xml; path = Info.plist; sourceTree = "<group>"; };
		A6B169739B8D5BFB68B84DE2 /* Pods-TestApplication.debug.xcconfig */ = {isa = PBXFileReference; includeInIndex = 1; lastKnownFileType = text.xcconfig; name = "Pods-TestApplication.debug.xcconfig"; path = "Pods/Target Support Files/Pods-TestApplication/Pods-TestApplication.debug.xcconfig"; sourceTree = "<group>"; };
		EEC262E68CB2079115C5544B /* Pods_TestApplication.framework */ = {isa = PBXFileReference; explicitFileType = wrapper.framework; includeInIndex = 0; path = Pods_TestApplication.framework; sourceTree = BUILT_PRODUCTS_DIR; };
/* End PBXFileReference section */

/* Begin PBXFrameworksBuildPhase section */
		9FAA33E12080DD7C005FBA96 /* Frameworks */ = {
			isa = PBXFrameworksBuildPhase;
			buildActionMask = 2147483647;
			files = (
				AF4E617B6C5FB9E02716E942 /* Pods_TestApplication.framework in Frameworks */,
			);
			runOnlyForDeploymentPostprocessing = 0;
		};
/* End PBXFrameworksBuildPhase section */

/* Begin PBXGroup section */
		1E476719323D27DFDF5B876E /* Frameworks */ = {
			isa = PBXGroup;
			children = (
				EEC262E68CB2079115C5544B /* Pods_TestApplication.framework */,
			);
			name = Frameworks;
			sourceTree = "<group>";
		};
		9408BCF089DD911CAE77CB69 /* Pods */ = {
			isa = PBXGroup;
			children = (
				A6B169739B8D5BFB68B84DE2 /* Pods-TestApplication.debug.xcconfig */,
				9E5B7271891D49A3CC04B2C7 /* Pods-TestApplication.release.xcconfig */,
			);
			name = Pods;
			sourceTree = "<group>";
		};
		9FAA33DB2080DD7C005FBA96 = {
			isa = PBXGroup;
			children = (
				9FAA33E62080DD7C005FBA96 /* TestApplication */,
				9FAA33E52080DD7C005FBA96 /* Products */,
				9408BCF089DD911CAE77CB69 /* Pods */,
				1E476719323D27DFDF5B876E /* Frameworks */,
			);
			sourceTree = "<group>";
		};
		9FAA33E52080DD7C005FBA96 /* Products */ = {
			isa = PBXGroup;
			children = (
				9FAA33E42080DD7C005FBA96 /* TestApplication.app */,
			);
			name = Products;
			sourceTree = "<group>";
		};
		9FAA33E62080DD7C005FBA96 /* TestApplication */ = {
			isa = PBXGroup;
			children = (
				9FAA33E72080DD7C005FBA96 /* AppDelegate.swift */,
				9FAA33E92080DD7C005FBA96 /* ViewController.swift */,
				9FAA33EB2080DD7C005FBA96 /* Main.storyboard */,
				9FAA33EE2080DD7C005FBA96 /* Assets.xcassets */,
				9FAA33F02080DD7C005FBA96 /* LaunchScreen.storyboard */,
				9FAA33F32080DD7C005FBA96 /* Info.plist */,
			);
			path = TestApplication;
			sourceTree = "<group>";
		};
/* End PBXGroup section */

/* Begin PBXNativeTarget section */
		9FAA33E32080DD7C005FBA96 /* TestApplication */ = {
			isa = PBXNativeTarget;
			buildConfigurationList = 9FAA33F62080DD7C005FBA96 /* Build configuration list for PBXNativeTarget "TestApplication" */;
			buildPhases = (
				FA3F71004888254C759F293A /* [CP] Check Pods Manifest.lock */,
				9FAA33E02080DD7C005FBA96 /* Sources */,
				9FAA33E12080DD7C005FBA96 /* Frameworks */,
				9FAA33E22080DD7C005FBA96 /* Resources */,
				58DCBA35187ED9DE80F42C23 /* [CP] Embed Pods Frameworks */,
				BC0C9E71A2B3796CB4DD8C2C /* [CP] Copy Pods Resources */,
			);
			buildRules = (
			);
			dependencies = (
			);
			name = TestApplication;
			productName = TestApplication;
			productReference = 9FAA33E42080DD7C005FBA96 /* TestApplication.app */;
			productType = "com.apple.product-type.application";
		};
/* End PBXNativeTarget section */

/* Begin PBXProject section */
		9FAA33DC2080DD7C005FBA96 /* Project object */ = {
			isa = PBXProject;
			attributes = {
				LastSwiftUpdateCheck = 0920;
				LastUpgradeCheck = 0920;
				ORGANIZATIONNAME = ba9nist;
				TargetAttributes = {
					9FAA33E32080DD7C005FBA96 = {
						CreatedOnToolsVersion = 9.2;
						ProvisioningStyle = Automatic;
					};
				};
			};
			buildConfigurationList = 9FAA33DF2080DD7C005FBA96 /* Build configuration list for PBXProject "TestApplication" */;
			compatibilityVersion = "Xcode 8.0";
			developmentRegion = en;
			hasScannedForEncodings = 0;
			knownRegions = (
				en,
				Base,
			);
			mainGroup = 9FAA33DB2080DD7C005FBA96;
			productRefGroup = 9FAA33E52080DD7C005FBA96 /* Products */;
			projectDirPath = "";
			projectRoot = "";
			targets = (
				9FAA33E32080DD7C005FBA96 /* TestApplication */,
			);
		};
/* End PBXProject section */

/* Begin PBXResourcesBuildPhase section */
		9FAA33E22080DD7C005FBA96 /* Resources */ = {
			isa = PBXResourcesBuildPhase;
			buildActionMask = 2147483647;
			files = (
				9FAA33F22080DD7C005FBA96 /* LaunchScreen.storyboard in Resources */,
				9FAA33EF2080DD7C005FBA96 /* Assets.xcassets in Resources */,
				9FAA33ED2080DD7C005FBA96 /* Main.storyboard in Resources */,
			);
			runOnlyForDeploymentPostprocessing = 0;
		};
/* End PBXResourcesBuildPhase section */

/* Begin PBXShellScriptBuildPhase section */
		58DCBA35187ED9DE80F42C23 /* [CP] Embed Pods Frameworks */ = {
			isa = PBXShellScriptBuildPhase;
			buildActionMask = 2147483647;
			files = (
			);
			inputPaths = (
				"${SRCROOT}/Pods/Target Support Files/Pods-TestApplication/Pods-TestApplication-frameworks.sh",
				"${BUILT_PRODUCTS_DIR}/Alamofire/Alamofire.framework",
			);
			name = "[CP] Embed Pods Frameworks";
			outputPaths = (
				"${TARGET_BUILD_DIR}/${FRAMEWORKS_FOLDER_PATH}/Alamofire.framework",
			);
			runOnlyForDeploymentPostprocessing = 0;
			shellPath = /bin/sh;
			shellScript = "\"${SRCROOT}/Pods/Target Support Files/Pods-TestApplication/Pods-TestApplication-frameworks.sh\"\n";
			showEnvVarsInLog = 0;
		};
		BC0C9E71A2B3796CB4DD8C2C /* [CP] Copy Pods Resources */ = {
			isa = PBXShellScriptBuildPhase;
			buildActionMask = 2147483647;
			files = (
			);
			inputPaths = (
			);
			name = "[CP] Copy Pods Resources";
			outputPaths = (
			);
			runOnlyForDeploymentPostprocessing = 0;
			shellPath = /bin/sh;
			shellScript = "\"${SRCROOT}/Pods/Target Support Files/Pods-TestApplication/Pods-TestApplication-resources.sh\"\n";
			showEnvVarsInLog = 0;
		};
		FA3F71004888254C759F293A /* [CP] Check Pods Manifest.lock */ = {
			isa = PBXShellScriptBuildPhase;
			buildActionMask = 2147483647;
			files = (
			);
			inputPaths = (
				"${PODS_PODFILE_DIR_PATH}/Podfile.lock",
				"${PODS_ROOT}/Manifest.lock",
			);
			name = "[CP] Check Pods Manifest.lock";
			outputPaths = (
				"$(DERIVED_FILE_DIR)/Pods-TestApplication-checkManifestLockResult.txt",
			);
			runOnlyForDeploymentPostprocessing = 0;
			shellPath = /bin/sh;
			shellScript = "diff \"${PODS_PODFILE_DIR_PATH}/Podfile.lock\" \"${PODS_ROOT}/Manifest.lock\" > /dev/null\nif [ $? != 0 ] ; then\n    # print error to STDERR\n    echo \"error: The sandbox is not in sync with the Podfile.lock. Run 'pod install' or update your CocoaPods installation.\" >&2\n    exit 1\nfi\n# This output is used by Xcode 'outputs' to avoid re-running this script phase.\necho \"SUCCESS\" > \"${SCRIPT_OUTPUT_FILE_0}\"\n";
			showEnvVarsInLog = 0;
		};
/* End PBXShellScriptBuildPhase section */

/* Begin PBXSourcesBuildPhase section */
		9FAA33E02080DD7C005FBA96 /* Sources */ = {
			isa = PBXSourcesBuildPhase;
			buildActionMask = 2147483647;
			files = (
				9FAA33EA2080DD7C005FBA96 /* ViewController.swift in Sources */,
				9FAA33E82080DD7C005FBA96 /* AppDelegate.swift in Sources */,
			);
			runOnlyForDeploymentPostprocessing = 0;
		};
/* End PBXSourcesBuildPhase section */

/* Begin PBXVariantGroup section */
		9FAA33EB2080DD7C005FBA96 /* Main.storyboard */ = {
			isa = PBXVariantGroup;
			children = (
				9FAA33EC2080DD7C005FBA96 /* Base */,
			);
			name = Main.storyboard;
			sourceTree = "<group>";
		};
		9FAA33F02080DD7C005FBA96 /* LaunchScreen.storyboard */ = {
			isa = PBXVariantGroup;
			children = (
				9FAA33F12080DD7C005FBA96 /* Base */,
			);
			name = LaunchScreen.storyboard;
			sourceTree = "<group>";
		};
/* End PBXVariantGroup section */

/* Begin XCBuildConfiguration section */
		9FAA33F42080DD7C005FBA96 /* Debug */ = {
			isa = XCBuildConfiguration;
			buildSettings = {
				ALWAYS_SEARCH_USER_PATHS = NO;
				CLANG_ANALYZER_NONNULL = YES;
				CLANG_ANALYZER_NUMBER_OBJECT_CONVERSION = YES_AGGRESSIVE;
				CLANG_CXX_LANGUAGE_STANDARD = "gnu++14";
				CLANG_CXX_LIBRARY = "libc++";
				CLANG_ENABLE_MODULES = YES;
				CLANG_ENABLE_OBJC_ARC = YES;
				CLANG_WARN_BLOCK_CAPTURE_AUTORELEASING = YES;
				CLANG_WARN_BOOL_CONVERSION = YES;
				CLANG_WARN_COMMA = YES;
				CLANG_WARN_CONSTANT_CONVERSION = YES;
				CLANG_WARN_DIRECT_OBJC_ISA_USAGE = YES_ERROR;
				CLANG_WARN_DOCUMENTATION_COMMENTS = YES;
				CLANG_WARN_EMPTY_BODY = YES;
				CLANG_WARN_ENUM_CONVERSION = YES;
				CLANG_WARN_INFINITE_RECURSION = YES;
				CLANG_WARN_INT_CONVERSION = YES;
				CLANG_WARN_NON_LITERAL_NULL_CONVERSION = YES;
				CLANG_WARN_OBJC_LITERAL_CONVERSION = YES;
				CLANG_WARN_OBJC_ROOT_CLASS = YES_ERROR;
				CLANG_WARN_RANGE_LOOP_ANALYSIS = YES;
				CLANG_WARN_STRICT_PROTOTYPES = YES;
				CLANG_WARN_SUSPICIOUS_MOVE = YES;
				CLANG_WARN_UNGUARDED_AVAILABILITY = YES_AGGRESSIVE;
				CLANG_WARN_UNREACHABLE_CODE = YES;
				CLANG_WARN__DUPLICATE_METHOD_MATCH = YES;
				CODE_SIGN_IDENTITY = "iPhone Developer";
				COPY_PHASE_STRIP = NO;
				DEBUG_INFORMATION_FORMAT = dwarf;
				ENABLE_STRICT_OBJC_MSGSEND = YES;
				ENABLE_TESTABILITY = YES;
				GCC_C_LANGUAGE_STANDARD = gnu11;
				GCC_DYNAMIC_NO_PIC = NO;
				GCC_NO_COMMON_BLOCKS = YES;
				GCC_OPTIMIZATION_LEVEL = 0;
				GCC_PREPROCESSOR_DEFINITIONS = (
					"DEBUG=1",
					"$(inherited)",
				);
				GCC_WARN_64_TO_32_BIT_CONVERSION = YES;
				GCC_WARN_ABOUT_RETURN_TYPE = YES_ERROR;
				GCC_WARN_UNDECLARED_SELECTOR = YES;
				GCC_WARN_UNINITIALIZED_AUTOS = YES_AGGRESSIVE;
				GCC_WARN_UNUSED_FUNCTION = YES;
				GCC_WARN_UNUSED_VARIABLE = YES;
				IPHONEOS_DEPLOYMENT_TARGET = 11.2;
				MTL_ENABLE_DEBUG_INFO = YES;
				ONLY_ACTIVE_ARCH = YES;
				SDKROOT = iphoneos;
				SWIFT_ACTIVE_COMPILATION_CONDITIONS = DEBUG;
				SWIFT_OPTIMIZATION_LEVEL = "-Onone";
			};
			name = Debug;
		};
		9FAA33F52080DD7C005FBA96 /* Release */ = {
			isa = XCBuildConfiguration;
			buildSettings = {
				ALWAYS_SEARCH_USER_PATHS = NO;
				CLANG_ANALYZER_NONNULL = YES;
				CLANG_ANALYZER_NUMBER_OBJECT_CONVERSION = YES_AGGRESSIVE;
				CLANG_CXX_LANGUAGE_STANDARD = "gnu++14";
				CLANG_CXX_LIBRARY = "libc++";
				CLANG_ENABLE_MODULES = YES;
				CLANG_ENABLE_OBJC_ARC = YES;
				CLANG_WARN_BLOCK_CAPTURE_AUTORELEASING = YES;
				CLANG_WARN_BOOL_CONVERSION = YES;
				CLANG_WARN_COMMA = YES;
				CLANG_WARN_CONSTANT_CONVERSION = YES;
				CLANG_WARN_DIRECT_OBJC_ISA_USAGE = YES_ERROR;
				CLANG_WARN_DOCUMENTATION_COMMENTS = YES;
				CLANG_WARN_EMPTY_BODY = YES;
				CLANG_WARN_ENUM_CONVERSION = YES;
				CLANG_WARN_INFINITE_RECURSION = YES;
				CLANG_WARN_INT_CONVERSION = YES;
				CLANG_WARN_NON_LITERAL_NULL_CONVERSION = YES;
				CLANG_WARN_OBJC_LITERAL_CONVERSION = YES;
				CLANG_WARN_OBJC_ROOT_CLASS = YES_ERROR;
				CLANG_WARN_RANGE_LOOP_ANALYSIS = YES;
				CLANG_WARN_STRICT_PROTOTYPES = YES;
				CLANG_WARN_SUSPICIOUS_MOVE = YES;
				CLANG_WARN_UNGUARDED_AVAILABILITY = YES_AGGRESSIVE;
				CLANG_WARN_UNREACHABLE_CODE = YES;
				CLANG_WARN__DUPLICATE_METHOD_MATCH = YES;
				CODE_SIGN_IDENTITY = "iPhone Developer";
				COPY_PHASE_STRIP = NO;
				DEBUG_INFORMATION_FORMAT = "dwarf-with-dsym";
				ENABLE_NS_ASSERTIONS = NO;
				ENABLE_STRICT_OBJC_MSGSEND = YES;
				GCC_C_LANGUAGE_STANDARD = gnu11;
				GCC_NO_COMMON_BLOCKS = YES;
				GCC_WARN_64_TO_32_BIT_CONVERSION = YES;
				GCC_WARN_ABOUT_RETURN_TYPE = YES_ERROR;
				GCC_WARN_UNDECLARED_SELECTOR = YES;
				GCC_WARN_UNINITIALIZED_AUTOS = YES_AGGRESSIVE;
				GCC_WARN_UNUSED_FUNCTION = YES;
				GCC_WARN_UNUSED_VARIABLE = YES;
				IPHONEOS_DEPLOYMENT_TARGET = 11.2;
				MTL_ENABLE_DEBUG_INFO = NO;
				SDKROOT = iphoneos;
				SWIFT_OPTIMIZATION_LEVEL = "-Owholemodule";
				VALIDATE_PRODUCT = YES;
			};
			name = Release;
		};
		9FAA33F72080DD7C005FBA96 /* Debug */ = {
			isa = XCBuildConfiguration;
			baseConfigurationReference = A6B169739B8D5BFB68B84DE2 /* Pods-TestApplication.debug.xcconfig */;
			buildSettings = {
				ASSETCATALOG_COMPILER_APPICON_NAME = AppIcon;
				CODE_SIGN_STYLE = Automatic;
				INFOPLIST_FILE = TestApplication/Info.plist;
				LD_RUNPATH_SEARCH_PATHS = "$(inherited) @executable_path/Frameworks";
				PRODUCT_BUNDLE_IDENTIFIER = com.ba9nist.TestApplication;
				PRODUCT_NAME = "$(TARGET_NAME)";
				SWIFT_VERSION = 4.0;
				TARGETED_DEVICE_FAMILY = "1,2";
			};
			name = Debug;
		};
		9FAA33F82080DD7C005FBA96 /* Release */ = {
			isa = XCBuildConfiguration;
			baseConfigurationReference = 9E5B7271891D49A3CC04B2C7 /* Pods-TestApplication.release.xcconfig */;
			buildSettings = {
				ASSETCATALOG_COMPILER_APPICON_NAME = AppIcon;
				CODE_SIGN_STYLE = Automatic;
				INFOPLIST_FILE = TestApplication/Info.plist;
				LD_RUNPATH_SEARCH_PATHS = "$(inherited) @executable_path/Frameworks";
				PRODUCT_BUNDLE_IDENTIFIER = com.ba9nist.TestApplication;
				PRODUCT_NAME = "$(TARGET_NAME)";
				SWIFT_VERSION = 4.0;
				TARGETED_DEVICE_FAMILY = "1,2";
			};
			name = Release;
		};
/* End XCBuildConfiguration section */

/* Begin XCConfigurationList section */
		9FAA33DF2080DD7C005FBA96 /* Build configuration list for PBXProject "TestApplication" */ = {
			isa = XCConfigurationList;
			buildConfigurations = (
				9FAA33F42080DD7C005FBA96 /* Debug */,
				9FAA33F52080DD7C005FBA96 /* Release */,
			);
			defaultConfigurationIsVisible = 0;
			defaultConfigurationName = Release;
		};
		9FAA33F62080DD7C005FBA96 /* Build configuration list for PBXNativeTarget "TestApplication" */ = {
			isa = XCConfigurationList;
			buildConfigurations = (
				9FAA33F72080DD7C005FBA96 /* Debug */,
				9FAA33F82080DD7C005FBA96 /* Release */,
			);
			defaultConfigurationIsVisible = 0;
			defaultConfigurationName = Release;
		};
/* End XCConfigurationList section */
	};
	rootObject = 9FAA33DC2080DD7C005FBA96 /* Project object */;
}
